// !$*UTF8*$!
{
	archiveVersion = 1;
	classes = {
	};
	objectVersion = 56;
	objects = {

/* Begin PBXBuildFile section */
		83D0EE3F2A5B0D7C00F392BA /* AppDelegate.swift in Sources */ = {isa = PBXBuildFile; fileRef = 83D0EE3E2A5B0D7C00F392BA /* AppDelegate.swift */; };
		83D0EE412A5B0D7C00F392BA /* SceneDelegate.swift in Sources */ = {isa = PBXBuildFile; fileRef = 83D0EE402A5B0D7C00F392BA /* SceneDelegate.swift */; };
		83D0EE432A5B0D7C00F392BA /* ViewController.swift in Sources */ = {isa = PBXBuildFile; fileRef = 83D0EE422A5B0D7C00F392BA /* ViewController.swift */; };
		83D0EE462A5B0D7C00F392BA /* Main.storyboard in Resources */ = {isa = PBXBuildFile; fileRef = 83D0EE442A5B0D7C00F392BA /* Main.storyboard */; };
		83D0EE482A5B0D7D00F392BA /* Assets.xcassets in Resources */ = {isa = PBXBuildFile; fileRef = 83D0EE472A5B0D7D00F392BA /* Assets.xcassets */; };
		83D0EE4B2A5B0D7D00F392BA /* LaunchScreen.storyboard in Resources */ = {isa = PBXBuildFile; fileRef = 83D0EE492A5B0D7D00F392BA /* LaunchScreen.storyboard */; };
		83D0EE532A5EEA6500F392BA /* ViewControllerReg.swift in Sources */ = {isa = PBXBuildFile; fileRef = 83D0EE522A5EEA6500F392BA /* ViewControllerReg.swift */; };
/* End PBXBuildFile section */

/* Begin PBXFileReference section */
		83D0EE3B2A5B0D7C00F392BA /* AuthAndRegViews.app */ = {isa = PBXFileReference; explicitFileType = wrapper.application; includeInIndex = 0; path = AuthAndRegViews.app; sourceTree = BUILT_PRODUCTS_DIR; };
		83D0EE3E2A5B0D7C00F392BA /* AppDelegate.swift */ = {isa = PBXFileReference; lastKnownFileType = sourcecode.swift; path = AppDelegate.swift; sourceTree = "<group>"; };
		83D0EE402A5B0D7C00F392BA /* SceneDelegate.swift */ = {isa = PBXFileReference; lastKnownFileType = sourcecode.swift; path = SceneDelegate.swift; sourceTree = "<group>"; };
		83D0EE422A5B0D7C00F392BA /* ViewController.swift */ = {isa = PBXFileReference; lastKnownFileType = sourcecode.swift; path = ViewController.swift; sourceTree = "<group>"; };
		83D0EE452A5B0D7C00F392BA /* Base */ = {isa = PBXFileReference; lastKnownFileType = file.storyboard; name = Base; path = Base.lproj/Main.storyboard; sourceTree = "<group>"; };
		83D0EE472A5B0D7D00F392BA /* Assets.xcassets */ = {isa = PBXFileReference; lastKnownFileType = folder.assetcatalog; path = Assets.xcassets; sourceTree = "<group>"; };
		83D0EE4A2A5B0D7D00F392BA /* Base */ = {isa = PBXFileReference; lastKnownFileType = file.storyboard; name = Base; path = Base.lproj/LaunchScreen.storyboard; sourceTree = "<group>"; };
		83D0EE4C2A5B0D7D00F392BA /* Info.plist */ = {isa = PBXFileReference; lastKnownFileType = text.plist.xml; path = Info.plist; sourceTree = "<group>"; };
		83D0EE522A5EEA6500F392BA /* ViewControllerReg.swift */ = {isa = PBXFileReference; lastKnownFileType = sourcecode.swift; path = ViewControllerReg.swift; sourceTree = "<group>"; };
/* End PBXFileReference section */

/* Begin PBXFrameworksBuildPhase section */
		83D0EE382A5B0D7C00F392BA /* Frameworks */ = {
			isa = PBXFrameworksBuildPhase;
			buildActionMask = 2147483647;
			files = (
			);
			runOnlyForDeploymentPostprocessing = 0;
		};
/* End PBXFrameworksBuildPhase section */

/* Begin PBXGroup section */
		83D0EE322A5B0D7C00F392BA = {
			isa = PBXGroup;
			children = (
				83D0EE3D2A5B0D7C00F392BA /* AuthAndRegViews */,
				83D0EE3C2A5B0D7C00F392BA /* Products */,
			);
			sourceTree = "<group>";
		};
		83D0EE3C2A5B0D7C00F392BA /* Products */ = {
			isa = PBXGroup;
			children = (
				83D0EE3B2A5B0D7C00F392BA /* AuthAndRegViews.app */,
			);
			name = Products;
			sourceTree = "<group>";
		};
		83D0EE3D2A5B0D7C00F392BA /* AuthAndRegViews */ = {
			isa = PBXGroup;
			children = (
				83D0EE3E2A5B0D7C00F392BA /* AppDelegate.swift */,
				83D0EE402A5B0D7C00F392BA /* SceneDelegate.swift */,
				83D0EE422A5B0D7C00F392BA /* ViewController.swift */,
				83D0EE522A5EEA6500F392BA /* ViewControllerReg.swift */,
				83D0EE442A5B0D7C00F392BA /* Main.storyboard */,
				83D0EE472A5B0D7D00F392BA /* Assets.xcassets */,
				83D0EE492A5B0D7D00F392BA /* LaunchScreen.storyboard */,
				83D0EE4C2A5B0D7D00F392BA /* Info.plist */,
			);
			path = AuthAndRegViews;
			sourceTree = "<group>";
		};
/* End PBXGroup section */

/* Begin PBXNativeTarget section */
		83D0EE3A2A5B0D7C00F392BA /* AuthAndRegViews */ = {
			isa = PBXNativeTarget;
			buildConfigurationList = 83D0EE4F2A5B0D7D00F392BA /* Build configuration list for PBXNativeTarget "AuthAndRegViews" */;
			buildPhases = (
				83D0EE372A5B0D7C00F392BA /* Sources */,
				83D0EE382A5B0D7C00F392BA /* Frameworks */,
				83D0EE392A5B0D7C00F392BA /* Resources */,
			);
			buildRules = (
			);
			dependencies = (
			);
			name = AuthAndRegViews;
			productName = AuthAndRegViews;
			productReference = 83D0EE3B2A5B0D7C00F392BA /* AuthAndRegViews.app */;
			productType = "com.apple.product-type.application";
		};
/* End PBXNativeTarget section */

/* Begin PBXProject section */
		83D0EE332A5B0D7C00F392BA /* Project object */ = {
			isa = PBXProject;
			attributes = {
				BuildIndependentTargetsInParallel = 1;
				LastSwiftUpdateCheck = 1430;
				LastUpgradeCheck = 1430;
				TargetAttributes = {
					83D0EE3A2A5B0D7C00F392BA = {
						CreatedOnToolsVersion = 14.3.1;
					};
				};
			};
			buildConfigurationList = 83D0EE362A5B0D7C00F392BA /* Build configuration list for PBXProject "AuthAndRegViews" */;
			compatibilityVersion = "Xcode 14.0";
			developmentRegion = en;
			hasScannedForEncodings = 0;
			knownRegions = (
				en,
				Base,
			);
			mainGroup = 83D0EE322A5B0D7C00F392BA;
			productRefGroup = 83D0EE3C2A5B0D7C00F392BA /* Products */;
			projectDirPath = "";
			projectRoot = "";
			targets = (
				83D0EE3A2A5B0D7C00F392BA /* AuthAndRegViews */,
			);
		};
/* End PBXProject section */

/* Begin PBXResourcesBuildPhase section */
		83D0EE392A5B0D7C00F392BA /* Resources */ = {
			isa = PBXResourcesBuildPhase;
			buildActionMask = 2147483647;
			files = (
				83D0EE4B2A5B0D7D00F392BA /* LaunchScreen.storyboard in Resources */,
				83D0EE482A5B0D7D00F392BA /* Assets.xcassets in Resources */,
				83D0EE462A5B0D7C00F392BA /* Main.storyboard in Resources */,
			);
			runOnlyForDeploymentPostprocessing = 0;
		};
/* End PBXResourcesBuildPhase section */

/* Begin PBXSourcesBuildPhase section */
		83D0EE372A5B0D7C00F392BA /* Sources */ = {
			isa = PBXSourcesBuildPhase;
			buildActionMask = 2147483647;
			files = (
				83D0EE432A5B0D7C00F392BA /* ViewController.swift in Sources */,
				83D0EE3F2A5B0D7C00F392BA /* AppDelegate.swift in Sources */,
				83D0EE412A5B0D7C00F392BA /* SceneDelegate.swift in Sources */,
				83D0EE532A5EEA6500F392BA /* ViewControllerReg.swift in Sources */,
			);
			runOnlyForDeploymentPostprocessing = 0;
		};
/* End PBXSourcesBuildPhase section */

/* Begin PBXVariantGroup section */
		83D0EE442A5B0D7C00F392BA /* Main.storyboard */ = {
			isa = PBXVariantGroup;
			children = (
				83D0EE452A5B0D7C00F392BA /* Base */,
			);
			name = Main.storyboard;
			sourceTree = "<group>";
		};
		83D0EE492A5B0D7D00F392BA /* LaunchScreen.storyboard */ = {
			isa = PBXVariantGroup;
			children = (
				83D0EE4A2A5B0D7D00F392BA /* Base */,
			);
			name = LaunchScreen.storyboard;
			sourceTree = "<group>";
		};
/* End PBXVariantGroup section */

/* Begin XCBuildConfiguration section */
		83D0EE4D2A5B0D7D00F392BA /* Debug */ = {
			isa = XCBuildConfiguration;
			buildSettings = {
				ALWAYS_SEARCH_USER_PATHS = NO;
				CLANG_ANALYZER_NONNULL = YES;
				CLANG_ANALYZER_NUMBER_OBJECT_CONVERSION = YES_AGGRESSIVE;
				CLANG_CXX_LANGUAGE_STANDARD = "gnu++20";
				CLANG_ENABLE_MODULES = YES;
				CLANG_ENABLE_OBJC_ARC = YES;
				CLANG_ENABLE_OBJC_WEAK = YES;
				CLANG_WARN_BLOCK_CAPTURE_AUTORELEASING = YES;
				CLANG_WARN_BOOL_CONVERSION = YES;
				CLANG_WARN_COMMA = YES;
				CLANG_WARN_CONSTANT_CONVERSION = YES;
				CLANG_WARN_DEPRECATED_OBJC_IMPLEMENTATIONS = YES;
				CLANG_WARN_DIRECT_OBJC_ISA_USAGE = YES_ERROR;
				CLANG_WARN_DOCUMENTATION_COMMENTS = YES;
				CLANG_WARN_EMPTY_BODY = YES;
				CLANG_WARN_ENUM_CONVERSION = YES;
				CLANG_WARN_INFINITE_RECURSION = YES;
				CLANG_WARN_INT_CONVERSION = YES;
				CLANG_WARN_NON_LITERAL_NULL_CONVERSION = YES;
				CLANG_WARN_OBJC_IMPLICIT_RETAIN_SELF = YES;
				CLANG_WARN_OBJC_LITERAL_CONVERSION = YES;
				CLANG_WARN_OBJC_ROOT_CLASS = YES_ERROR;
				CLANG_WARN_QUOTED_INCLUDE_IN_FRAMEWORK_HEADER = YES;
				CLANG_WARN_RANGE_LOOP_ANALYSIS = YES;
				CLANG_WARN_STRICT_PROTOTYPES = YES;
				CLANG_WARN_SUSPICIOUS_MOVE = YES;
				CLANG_WARN_UNGUARDED_AVAILABILITY = YES_AGGRESSIVE;
				CLANG_WARN_UNREACHABLE_CODE = YES;
				CLANG_WARN__DUPLICATE_METHOD_MATCH = YES;
				COPY_PHASE_STRIP = NO;
				DEBUG_INFORMATION_FORMAT = dwarf;
				ENABLE_STRICT_OBJC_MSGSEND = YES;
				ENABLE_TESTABILITY = YES;
				GCC_C_LANGUAGE_STANDARD = gnu11;
				GCC_DYNAMIC_NO_PIC = NO;
				GCC_NO_COMMON_BLOCKS = YES;
				GCC_OPTIMIZATION_LEVEL = 0;
				GCC_PREPROCESSOR_DEFINITIONS = (
					"DEBUG=1",
					"$(inherited)",
				);
				GCC_WARN_64_TO_32_BIT_CONVERSION = YES;
				GCC_WARN_ABOUT_RETURN_TYPE = YES_ERROR;
				GCC_WARN_UNDECLARED_SELECTOR = YES;
				GCC_WARN_UNINITIALIZED_AUTOS = YES_AGGRESSIVE;
				GCC_WARN_UNUSED_FUNCTION = YES;
				GCC_WARN_UNUSED_VARIABLE = YES;
				IPHONEOS_DEPLOYMENT_TARGET = 16.4;
				MTL_ENABLE_DEBUG_INFO = INCLUDE_SOURCE;
				MTL_FAST_MATH = YES;
				ONLY_ACTIVE_ARCH = YES;
				SDKROOT = iphoneos;
				SWIFT_ACTIVE_COMPILATION_CONDITIONS = DEBUG;
				SWIFT_OPTIMIZATION_LEVEL = "-Onone";
			};
			name = Debug;
		};
		83D0EE4E2A5B0D7D00F392BA /* Release */ = {
			isa = XCBuildConfiguration;
			buildSettings = {
				ALWAYS_SEARCH_USER_PATHS = NO;
				CLANG_ANALYZER_NONNULL = YES;
				CLANG_ANALYZER_NUMBER_OBJECT_CONVERSION = YES_AGGRESSIVE;
				CLANG_CXX_LANGUAGE_STANDARD = "gnu++20";
				CLANG_ENABLE_MODULES = YES;
				CLANG_ENABLE_OBJC_ARC = YES;
				CLANG_ENABLE_OBJC_WEAK = YES;
				CLANG_WARN_BLOCK_CAPTURE_AUTORELEASING = YES;
				CLANG_WARN_BOOL_CONVERSION = YES;
				CLANG_WARN_COMMA = YES;
				CLANG_WARN_CONSTANT_CONVERSION = YES;
				CLANG_WARN_DEPRECATED_OBJC_IMPLEMENTATIONS = YES;
				CLANG_WARN_DIRECT_OBJC_ISA_USAGE = YES_ERROR;
				CLANG_WARN_DOCUMENTATION_COMMENTS = YES;
				CLANG_WARN_EMPTY_BODY = YES;
				CLANG_WARN_ENUM_CONVERSION = YES;
				CLANG_WARN_INFINITE_RECURSION = YES;
				CLANG_WARN_INT_CONVERSION = YES;
				CLANG_WARN_NON_LITERAL_NULL_CONVERSION = YES;
				CLANG_WARN_OBJC_IMPLICIT_RETAIN_SELF = YES;
				CLANG_WARN_OBJC_LITERAL_CONVERSION = YES;
				CLANG_WARN_OBJC_ROOT_CLASS = YES_ERROR;
				CLANG_WARN_QUOTED_INCLUDE_IN_FRAMEWORK_HEADER = YES;
				CLANG_WARN_RANGE_LOOP_ANALYSIS = YES;
				CLANG_WARN_STRICT_PROTOTYPES = YES;
				CLANG_WARN_SUSPICIOUS_MOVE = YES;
				CLANG_WARN_UNGUARDED_AVAILABILITY = YES_AGGRESSIVE;
				CLANG_WARN_UNREACHABLE_CODE = YES;
				CLANG_WARN__DUPLICATE_METHOD_MATCH = YES;
				COPY_PHASE_STRIP = NO;
				DEBUG_INFORMATION_FORMAT = "dwarf-with-dsym";
				ENABLE_NS_ASSERTIONS = NO;
				ENABLE_STRICT_OBJC_MSGSEND = YES;
				GCC_C_LANGUAGE_STANDARD = gnu11;
				GCC_NO_COMMON_BLOCKS = YES;
				GCC_WARN_64_TO_32_BIT_CONVERSION = YES;
				GCC_WARN_ABOUT_RETURN_TYPE = YES_ERROR;
				GCC_WARN_UNDECLARED_SELECTOR = YES;
				GCC_WARN_UNINITIALIZED_AUTOS = YES_AGGRESSIVE;
				GCC_WARN_UNUSED_FUNCTION = YES;
				GCC_WARN_UNUSED_VARIABLE = YES;
				IPHONEOS_DEPLOYMENT_TARGET = 16.4;
				MTL_ENABLE_DEBUG_INFO = NO;
				MTL_FAST_MATH = YES;
				SDKROOT = iphoneos;
				SWIFT_COMPILATION_MODE = wholemodule;
				SWIFT_OPTIMIZATION_LEVEL = "-O";
				VALIDATE_PRODUCT = YES;
			};
			name = Release;
		};
		83D0EE502A5B0D7D00F392BA /* Debug */ = {
			isa = XCBuildConfiguration;
			buildSettings = {
				ASSETCATALOG_COMPILER_APPICON_NAME = AppIcon;
				ASSETCATALOG_COMPILER_GLOBAL_ACCENT_COLOR_NAME = AccentColor;
				CODE_SIGN_STYLE = Automatic;
				CURRENT_PROJECT_VERSION = 1;
				DEVELOPMENT_TEAM = 7S4JHV97UU;
				GENERATE_INFOPLIST_FILE = YES;
				INFOPLIST_FILE = AuthAndRegViews/Info.plist;
				INFOPLIST_KEY_UIApplicationSupportsIndirectInputEvents = YES;
				INFOPLIST_KEY_UILaunchStoryboardName = LaunchScreen;
				INFOPLIST_KEY_UIMainStoryboardFile = Main;
				INFOPLIST_KEY_UISupportedInterfaceOrientations_iPad = "UIInterfaceOrientationPortrait UIInterfaceOrientationPortraitUpsideDown UIInterfaceOrientationLandscapeLeft UIInterfaceOrientationLandscapeRight";
				INFOPLIST_KEY_UISupportedInterfaceOrientations_iPhone = "UIInterfaceOrientationPortrait UIInterfaceOrientationLandscapeLeft UIInterfaceOrientationLandscapeRight";
				LD_RUNPATH_SEARCH_PATHS = (
					"$(inherited)",
					"@executable_path/Frameworks",
				);
				MARKETING_VERSION = 1.0;
				PRODUCT_BUNDLE_IDENTIFIER = "Danila-Sukhanov.AuthAndRegViews";
				PRODUCT_NAME = "$(TARGET_NAME)";
				SUPPORTED_PLATFORMS = "iphoneos iphonesimulator";
				SUPPORTS_MACCATALYST = NO;
				SUPPORTS_MAC_DESIGNED_FOR_IPHONE_IPAD = NO;
				SWIFT_EMIT_LOC_STRINGS = YES;
				SWIFT_VERSION = 5.0;
				TARGETED_DEVICE_FAMILY = 1;
			};
			name = Debug;
		};
		83D0EE512A5B0D7D00F392BA /* Release */ = {
			isa = XCBuildConfiguration;
			buildSettings = {
				ASSETCATALOG_COMPILER_APPICON_NAME = AppIcon;
				ASSETCATALOG_COMPILER_GLOBAL_ACCENT_COLOR_NAME = AccentColor;
				CODE_SIGN_STYLE = Automatic;
				CURRENT_PROJECT_VERSION = 1;
				DEVELOPMENT_TEAM = 7S4JHV97UU;
				GENERATE_INFOPLIST_FILE = YES;
				INFOPLIST_FILE = AuthAndRegViews/Info.plist;
				INFOPLIST_KEY_UIApplicationSupportsIndirectInputEvents = YES;
				INFOPLIST_KEY_UILaunchStoryboardName = LaunchScreen;
				INFOPLIST_KEY_UIMainStoryboardFile = Main;
				INFOPLIST_KEY_UISupportedInterfaceOrientations_iPad = "UIInterfaceOrientationPortrait UIInterfaceOrientationPortraitUpsideDown UIInterfaceOrientationLandscapeLeft UIInterfaceOrientationLandscapeRight";
				INFOPLIST_KEY_UISupportedInterfaceOrientations_iPhone = "UIInterfaceOrientationPortrait UIInterfaceOrientationLandscapeLeft UIInterfaceOrientationLandscapeRight";
				LD_RUNPATH_SEARCH_PATHS = (
					"$(inherited)",
					"@executable_path/Frameworks",
				);
				MARKETING_VERSION = 1.0;
				PRODUCT_BUNDLE_IDENTIFIER = "Danila-Sukhanov.AuthAndRegViews";
				PRODUCT_NAME = "$(TARGET_NAME)";
				SUPPORTED_PLATFORMS = "iphoneos iphonesimulator";
				SUPPORTS_MACCATALYST = NO;
				SUPPORTS_MAC_DESIGNED_FOR_IPHONE_IPAD = NO;
				SWIFT_EMIT_LOC_STRINGS = YES;
				SWIFT_VERSION = 5.0;
				TARGETED_DEVICE_FAMILY = 1;
			};
			name = Release;
		};
/* End XCBuildConfiguration section */

/* Begin XCConfigurationList section */
		83D0EE362A5B0D7C00F392BA /* Build configuration list for PBXProject "AuthAndRegViews" */ = {
			isa = XCConfigurationList;
			buildConfigurations = (
				83D0EE4D2A5B0D7D00F392BA /* Debug */,
				83D0EE4E2A5B0D7D00F392BA /* Release */,
			);
			defaultConfigurationIsVisible = 0;
			defaultConfigurationName = Release;
		};
		83D0EE4F2A5B0D7D00F392BA /* Build configuration list for PBXNativeTarget "AuthAndRegViews" */ = {
			isa = XCConfigurationList;
			buildConfigurations = (
				83D0EE502A5B0D7D00F392BA /* Debug */,
				83D0EE512A5B0D7D00F392BA /* Release */,
			);
			defaultConfigurationIsVisible = 0;
			defaultConfigurationName = Release;
		};
/* End XCConfigurationList section */
	};
	rootObject = 83D0EE332A5B0D7C00F392BA /* Project object */;
}
